
Microsoft Visual Studio Solution File, Format Version 12.00
# Visual Studio Version 16
VisualStudioVersion = 16.0.30114.105
MinimumVisualStudioVersion = 10.0.40219.1
Project("{2150E333-8FDC-42A3-9474-1A3956D46DE8}") = "src", "src", "{565C6579-A7B1-4F06-8008-6FA5D45BAAE6}"
EndProject
Project("{2150E333-8FDC-42A3-9474-1A3956D46DE8}") = "test", "test", "{352B3D40-F028-453F-A52E-5FE09DAF7D97}"
EndProject
Project("{FAE04EC0-301F-11D3-BF4B-00C04F79EFBC}") = "SignalrDemo.Test", "test\SignalrDemo.Test\SignalrDemo.Test.csproj", "{5FD9DDE3-0FE5-4476-9A74-1E736CE8C868}"
EndProject
Project("{2150E333-8FDC-42A3-9474-1A3956D46DE8}") = "Client", "Client", "{F07CAD30-4CC4-4DBE-81C9-E0BBF23A59B6}"
EndProject
Project("{FAE04EC0-301F-11D3-BF4B-00C04F79EFBC}") = "Presentation", "src\Client\Presentation\Presentation.csproj", "{464B765D-9C0F-4FE7-B1D4-82C733FB64C5}"
EndProject
Project("{2150E333-8FDC-42A3-9474-1A3956D46DE8}") = "Server", "Server", "{AF135C52-B284-4AB3-BE02-84FD83101565}"
EndProject
Project("{FAE04EC0-301F-11D3-BF4B-00C04F79EFBC}") = "Data", "src\Server\Data\Data.csproj", "{05AF4807-60F9-4A12-8014-E8005D2C27E3}"
EndProject
Project("{FAE04EC0-301F-11D3-BF4B-00C04F79EFBC}") = "Logic", "src\Server\Logic\Logic.csproj", "{10DECBDE-42BD-4ABD-9E9D-BEF8D2A6954F}"
EndProject
Project("{FAE04EC0-301F-11D3-BF4B-00C04F79EFBC}") = "Entities", "src\Server\Entities\Entities.csproj", "{00F032E2-2995-462E-A7FA-E64BA8C7058D}"
EndProject
Project("{FAE04EC0-301F-11D3-BF4B-00C04F79EFBC}") = "Server", "src\Server\Server\Server.csproj", "{A10DE900-0B22-4DC3-BAB6-A659D744261F}"
EndProject
Project("{FAE04EC0-301F-11D3-BF4B-00C04F79EFBC}") = "SharedLib", "src\SharedLib\SharedLib.csproj", "{7E354AB5-CE83-4CAF-95E3-8198C7D00022}"
EndProject
Global
	GlobalSection(SolutionConfigurationPlatforms) = preSolution
		Debug|Any CPU = Debug|Any CPU
		Debug|x64 = Debug|x64
		Debug|x86 = Debug|x86
		Release|Any CPU = Release|Any CPU
		Release|x64 = Release|x64
		Release|x86 = Release|x86
	EndGlobalSection
	GlobalSection(SolutionProperties) = preSolution
		HideSolutionNode = FALSE
	EndGlobalSection
	GlobalSection(ProjectConfigurationPlatforms) = postSolution
		{5FD9DDE3-0FE5-4476-9A74-1E736CE8C868}.Debug|Any CPU.ActiveCfg = Debug|Any CPU
		{5FD9DDE3-0FE5-4476-9A74-1E736CE8C868}.Debug|Any CPU.Build.0 = Debug|Any CPU
		{5FD9DDE3-0FE5-4476-9A74-1E736CE8C868}.Debug|x64.ActiveCfg = Debug|Any CPU
		{5FD9DDE3-0FE5-4476-9A74-1E736CE8C868}.Debug|x64.Build.0 = Debug|Any CPU
		{5FD9DDE3-0FE5-4476-9A74-1E736CE8C868}.Debug|x86.ActiveCfg = Debug|Any CPU
		{5FD9DDE3-0FE5-4476-9A74-1E736CE8C868}.Debug|x86.Build.0 = Debug|Any CPU
		{5FD9DDE3-0FE5-4476-9A74-1E736CE8C868}.Release|Any CPU.ActiveCfg = Release|Any CPU
		{5FD9DDE3-0FE5-4476-9A74-1E736CE8C868}.Release|Any CPU.Build.0 = Release|Any CPU
		{5FD9DDE3-0FE5-4476-9A74-1E736CE8C868}.Release|x64.ActiveCfg = Release|Any CPU
		{5FD9DDE3-0FE5-4476-9A74-1E736CE8C868}.Release|x64.Build.0 = Release|Any CPU
		{5FD9DDE3-0FE5-4476-9A74-1E736CE8C868}.Release|x86.ActiveCfg = Release|Any CPU
		{5FD9DDE3-0FE5-4476-9A74-1E736CE8C868}.Release|x86.Build.0 = Release|Any CPU
		{464B765D-9C0F-4FE7-B1D4-82C733FB64C5}.Debug|Any CPU.ActiveCfg = Debug|Any CPU
		{464B765D-9C0F-4FE7-B1D4-82C733FB64C5}.Debug|Any CPU.Build.0 = Debug|Any CPU
		{464B765D-9C0F-4FE7-B1D4-82C733FB64C5}.Debug|x64.ActiveCfg = Debug|Any CPU
		{464B765D-9C0F-4FE7-B1D4-82C733FB64C5}.Debug|x64.Build.0 = Debug|Any CPU
		{464B765D-9C0F-4FE7-B1D4-82C733FB64C5}.Debug|x86.ActiveCfg = Debug|Any CPU
		{464B765D-9C0F-4FE7-B1D4-82C733FB64C5}.Debug|x86.Build.0 = Debug|Any CPU
		{464B765D-9C0F-4FE7-B1D4-82C733FB64C5}.Release|Any CPU.ActiveCfg = Release|Any CPU
		{464B765D-9C0F-4FE7-B1D4-82C733FB64C5}.Release|Any CPU.Build.0 = Release|Any CPU
		{464B765D-9C0F-4FE7-B1D4-82C733FB64C5}.Release|x64.ActiveCfg = Release|Any CPU
		{464B765D-9C0F-4FE7-B1D4-82C733FB64C5}.Release|x64.Build.0 = Release|Any CPU
		{464B765D-9C0F-4FE7-B1D4-82C733FB64C5}.Release|x86.ActiveCfg = Release|Any CPU
		{464B765D-9C0F-4FE7-B1D4-82C733FB64C5}.Release|x86.Build.0 = Release|Any CPU
		{05AF4807-60F9-4A12-8014-E8005D2C27E3}.Debug|Any CPU.ActiveCfg = Debug|Any CPU
		{05AF4807-60F9-4A12-8014-E8005D2C27E3}.Debug|Any CPU.Build.0 = Debug|Any CPU
		{05AF4807-60F9-4A12-8014-E8005D2C27E3}.Debug|x64.ActiveCfg = Debug|Any CPU
		{05AF4807-60F9-4A12-8014-E8005D2C27E3}.Debug|x64.Build.0 = Debug|Any CPU
		{05AF4807-60F9-4A12-8014-E8005D2C27E3}.Debug|x86.ActiveCfg = Debug|Any CPU
		{05AF4807-60F9-4A12-8014-E8005D2C27E3}.Debug|x86.Build.0 = Debug|Any CPU
		{05AF4807-60F9-4A12-8014-E8005D2C27E3}.Release|Any CPU.ActiveCfg = Release|Any CPU
		{05AF4807-60F9-4A12-8014-E8005D2C27E3}.Release|Any CPU.Build.0 = Release|Any CPU
		{05AF4807-60F9-4A12-8014-E8005D2C27E3}.Release|x64.ActiveCfg = Release|Any CPU
		{05AF4807-60F9-4A12-8014-E8005D2C27E3}.Release|x64.Build.0 = Release|Any CPU
		{05AF4807-60F9-4A12-8014-E8005D2C27E3}.Release|x86.ActiveCfg = Release|Any CPU
		{05AF4807-60F9-4A12-8014-E8005D2C27E3}.Release|x86.Build.0 = Release|Any CPU
		{10DECBDE-42BD-4ABD-9E9D-BEF8D2A6954F}.Debug|Any CPU.ActiveCfg = Debug|Any CPU
		{10DECBDE-42BD-4ABD-9E9D-BEF8D2A6954F}.Debug|Any CPU.Build.0 = Debug|Any CPU
		{10DECBDE-42BD-4ABD-9E9D-BEF8D2A6954F}.Debug|x64.ActiveCfg = Debug|Any CPU
		{10DECBDE-42BD-4ABD-9E9D-BEF8D2A6954F}.Debug|x64.Build.0 = Debug|Any CPU
		{10DECBDE-42BD-4ABD-9E9D-BEF8D2A6954F}.Debug|x86.ActiveCfg = Debug|Any CPU
		{10DECBDE-42BD-4ABD-9E9D-BEF8D2A6954F}.Debug|x86.Build.0 = Debug|Any CPU
		{10DECBDE-42BD-4ABD-9E9D-BEF8D2A6954F}.Release|Any CPU.ActiveCfg = Release|Any CPU
		{10DECBDE-42BD-4ABD-9E9D-BEF8D2A6954F}.Release|Any CPU.Build.0 = Release|Any CPU
		{10DECBDE-42BD-4ABD-9E9D-BEF8D2A6954F}.Release|x64.ActiveCfg = Release|Any CPU
		{10DECBDE-42BD-4ABD-9E9D-BEF8D2A6954F}.Release|x64.Build.0 = Release|Any CPU
		{10DECBDE-42BD-4ABD-9E9D-BEF8D2A6954F}.Release|x86.ActiveCfg = Release|Any CPU
		{10DECBDE-42BD-4ABD-9E9D-BEF8D2A6954F}.Release|x86.Build.0 = Release|Any CPU
		{00F032E2-2995-462E-A7FA-E64BA8C7058D}.Debug|Any CPU.ActiveCfg = Debug|Any CPU
		{00F032E2-2995-462E-A7FA-E64BA8C7058D}.Debug|Any CPU.Build.0 = Debug|Any CPU
		{00F032E2-2995-462E-A7FA-E64BA8C7058D}.Debug|x64.ActiveCfg = Debug|Any CPU
		{00F032E2-2995-462E-A7FA-E64BA8C7058D}.Debug|x64.Build.0 = Debug|Any CPU
		{00F032E2-2995-462E-A7FA-E64BA8C7058D}.Debug|x86.ActiveCfg = Debug|Any CPU
		{00F032E2-2995-462E-A7FA-E64BA8C7058D}.Debug|x86.Build.0 = Debug|Any CPU
		{00F032E2-2995-462E-A7FA-E64BA8C7058D}.Release|Any CPU.ActiveCfg = Release|Any CPU
		{00F032E2-2995-462E-A7FA-E64BA8C7058D}.Release|Any CPU.Build.0 = Release|Any CPU
		{00F032E2-2995-462E-A7FA-E64BA8C7058D}.Release|x64.ActiveCfg = Release|Any CPU
		{00F032E2-2995-462E-A7FA-E64BA8C7058D}.Release|x64.Build.0 = Release|Any CPU
		{00F032E2-2995-462E-A7FA-E64BA8C7058D}.Release|x86.ActiveCfg = Release|Any CPU
		{00F032E2-2995-462E-A7FA-E64BA8C7058D}.Release|x86.Build.0 = Release|Any CPU
		{A10DE900-0B22-4DC3-BAB6-A659D744261F}.Debug|Any CPU.ActiveCfg = Debug|Any CPU
		{A10DE900-0B22-4DC3-BAB6-A659D744261F}.Debug|Any CPU.Build.0 = Debug|Any CPU
		{A10DE900-0B22-4DC3-BAB6-A659D744261F}.Debug|x64.ActiveCfg = Debug|Any CPU
		{A10DE900-0B22-4DC3-BAB6-A659D744261F}.Debug|x64.Build.0 = Debug|Any CPU
		{A10DE900-0B22-4DC3-BAB6-A659D744261F}.Debug|x86.ActiveCfg = Debug|Any CPU
		{A10DE900-0B22-4DC3-BAB6-A659D744261F}.Debug|x86.Build.0 = Debug|Any CPU
		{A10DE900-0B22-4DC3-BAB6-A659D744261F}.Release|Any CPU.ActiveCfg = Release|Any CPU
		{A10DE900-0B22-4DC3-BAB6-A659D744261F}.Release|Any CPU.Build.0 = Release|Any CPU
		{A10DE900-0B22-4DC3-BAB6-A659D744261F}.Release|x64.ActiveCfg = Release|Any CPU
		{A10DE900-0B22-4DC3-BAB6-A659D744261F}.Release|x64.Build.0 = Release|Any CPU
		{A10DE900-0B22-4DC3-BAB6-A659D744261F}.Release|x86.ActiveCfg = Release|Any CPU
		{A10DE900-0B22-4DC3-BAB6-A659D744261F}.Release|x86.Build.0 = Release|Any CPU
		{7E354AB5-CE83-4CAF-95E3-8198C7D00022}.Debug|Any CPU.ActiveCfg = Debug|Any CPU
		{7E354AB5-CE83-4CAF-95E3-8198C7D00022}.Debug|Any CPU.Build.0 = Debug|Any CPU
		{7E354AB5-CE83-4CAF-95E3-8198C7D00022}.Debug|x64.ActiveCfg = Debug|Any CPU
		{7E354AB5-CE83-4CAF-95E3-8198C7D00022}.Debug|x64.Build.0 = Debug|Any CPU
		{7E354AB5-CE83-4CAF-95E3-8198C7D00022}.Debug|x86.ActiveCfg = Debug|Any CPU
		{7E354AB5-CE83-4CAF-95E3-8198C7D00022}.Debug|x86.Build.0 = Debug|Any CPU
		{7E354AB5-CE83-4CAF-95E3-8198C7D00022}.Release|Any CPU.ActiveCfg = Release|Any CPU
		{7E354AB5-CE83-4CAF-95E3-8198C7D00022}.Release|Any CPU.Build.0 = Release|Any CPU
		{7E354AB5-CE83-4CAF-95E3-8198C7D00022}.Release|x64.ActiveCfg = Release|Any CPU
		{7E354AB5-CE83-4CAF-95E3-8198C7D00022}.Release|x64.Build.0 = Release|Any CPU
		{7E354AB5-CE83-4CAF-95E3-8198C7D00022}.Release|x86.ActiveCfg = Release|Any CPU
		{7E354AB5-CE83-4CAF-95E3-8198C7D00022}.Release|x86.Build.0 = Release|Any CPU
	EndGlobalSection
	GlobalSection(NestedProjects) = preSolution
		{5FD9DDE3-0FE5-4476-9A74-1E736CE8C868} = {352B3D40-F028-453F-A52E-5FE09DAF7D97}
		{F07CAD30-4CC4-4DBE-81C9-E0BBF23A59B6} = {565C6579-A7B1-4F06-8008-6FA5D45BAAE6}
		{464B765D-9C0F-4FE7-B1D4-82C733FB64C5} = {F07CAD30-4CC4-4DBE-81C9-E0BBF23A59B6}
		{AF135C52-B284-4AB3-BE02-84FD83101565} = {565C6579-A7B1-4F06-8008-6FA5D45BAAE6}
		{05AF4807-60F9-4A12-8014-E8005D2C27E3} = {AF135C52-B284-4AB3-BE02-84FD83101565}
		{10DECBDE-42BD-4ABD-9E9D-BEF8D2A6954F} = {AF135C52-B284-4AB3-BE02-84FD83101565}
		{00F032E2-2995-462E-A7FA-E64BA8C7058D} = {AF135C52-B284-4AB3-BE02-84FD83101565}
		{A10DE900-0B22-4DC3-BAB6-A659D744261F} = {AF135C52-B284-4AB3-BE02-84FD83101565}
		{7E354AB5-CE83-4CAF-95E3-8198C7D00022} = {565C6579-A7B1-4F06-8008-6FA5D45BAAE6}
	EndGlobalSection
EndGlobal
